
Microsoft Visual Studio Solution File, Format Version 12.00
# Visual Studio 15
VisualStudioVersion = 15.0.28010.2048
MinimumVisualStudioVersion = 10.0.40219.1
Project("{8BC9CEB8-8B4A-11D0-8D11-00A0C91BC942}") = "spotify-volume-controller-cpp", "spotify-volume-controller-cpp.vcxproj", "{7FDBEBB1-78E0-4F0B-9CC1-42CBDC4F1F63}"
EndProject
Global
	GlobalSection(SolutionConfigurationPlatforms) = preSolution
		Debug|x64 = Debug|x64
		Debug|x86 = Debug|x86
		Release|x64 = Release|x64
		Release|x86 = Release|x86
	EndGlobalSection
	GlobalSection(ProjectConfigurationPlatforms) = postSolution
		{7FDBEBB1-78E0-4F0B-9CC1-42CBDC4F1F63}.Debug|x64.ActiveCfg = Debug|x64
		{7FDBEBB1-78E0-4F0B-9CC1-42CBDC4F1F63}.Debug|x64.Build.0 = Debug|x64
		{7FDBEBB1-78E0-4F0B-9CC1-42CBDC4F1F63}.Debug|x86.ActiveCfg = Debug|Win32
		{7FDBEBB1-78E0-4F0B-9CC1-42CBDC4F1F63}.Debug|x86.Build.0 = Debug|Win32
		{7FDBEBB1-78E0-4F0B-9CC1-42CBDC4F1F63}.Release|x64.ActiveCfg = Release|x64
		{7FDBEBB1-78E0-4F0B-9CC1-42CBDC4F1F63}.Release|x64.Build.0 = Release|x64
		{7FDBEBB1-78E0-4F0B-9CC1-42CBDC4F1F63}.Release|x86.ActiveCfg = Release|Win32
		{7FDBEBB1-78E0-4F0B-9CC1-42CBDC4F1F63}.Release|x86.Build.0 = Release|Win32
	EndGlobalSection
	GlobalSection(SolutionProperties) = preSolution
		HideSolutionNode = FALSE
	EndGlobalSection
	GlobalSection(ExtensibilityGlobals) = postSolution
		SolutionGuid = {C1A90FF2-A138-4A1E-89BE-1849038AF34D}
	EndGlobalSection
EndGlobal
